{
  "lockfile_version": "1",
  "packages": {
    "azure-cli@latest": {
      "last_modified": "2026-06-27T07:37:20Z",
      "resolved": "github:NixOS/nixpkgs/3d46470bb3030020f7e1361f33514854f5bfa86d#azure-cli",
      "source": "devbox-search",
      "version": "2.87.0",
      "systems": {
        "aarch64-darwin": {
          "outputs": [
            {
              "name": "out",
              "path": "/nix/store/15aiyl9h2ysqixk7l7bw40v2wq8y5cym-python3.13-azure-cli-2.87.0",
              "default": true
            },
            {
              "name": "dist",
              "path": "/nix/store/3z3sbhz8fmi7k9sbf6bkcvnylnwijgp3-python3.13-azure-cli-2.87.0-dist"
            }
          ],
          "store_path": "/nix/store/15aiyl9h2ysqixk7l7bw40v2wq8y5cym-python3.13-azure-cli-2.87.0"
        },
        "aarch64-linux": {
          "outputs": [
            {
              "name": "out",
              "path": "/nix/store/b9hy428bchd9b1mr6yxhf65s5dgyj6y1-python3.13-azure-cli-2.87.0",
              "default": true
            },
            {
              "name": "dist",
              "path": "/nix/store/5653nls9rbnqnsaxzd08bv6kqdv4cdbv-python3.13-azure-cli-2.87.0-dist"
            }
          ],
          "store_path": "/nix/store/b9hy428bchd9b1mr6yxhf65s5dgyj6y1-python3.13-azure-cli-2.87.0"
        },
        "x86_64-darwin": {
          "outputs": [
            {
              "name": "out",
              "path": "/nix/store/zghryw488l5rbpkg7lbn1ndzb48jk7xf-python3.13-azure-cli-2.87.0",
              "default": true
            },
            {
              "name": "dist",
              "path": "/nix/store/abcv5v9k3yzw1n00q0xxw2fgwz4wacnx-python3.13-azure-cli-2.87.0-dist"
            }
          ],
          "store_path": "/nix/store/zghryw488l5rbpkg7lbn1ndzb48jk7xf-python3.13-azure-cli-2.87.0"
        },
        "x86_64-linux": {
          "outputs": [
            {
              "name": "out",
              "path": "/nix/store/ad6bq7sq8bhq5zsnjq44pz3dalfah4yc-python3.13-azure-cli-2.87.0",
              "default": true
            },
            {
              "name": "dist",
              "path": "/nix/store/m18yzaay71cagv6sbrg8zgxhgf0hknvi-python3.13-azure-cli-2.87.0-dist"
            }
          ],
          "store_path": "/nix/store/ad6bq7sq8bhq5zsnjq44pz3dalfah4yc-python3.13-azure-cli-2.87.0"
        }
      }
    },
    "github:NixOS/nixpkgs/nixpkgs-unstable": {
      "last_modified": "2026-06-23T00:43:55Z",
      "resolved": "github:NixOS/nixpkgs/89570f24e97e614aa34aa9ab1c927b6578a43775?lastModified=1782175435&narHash=sha256-EMzXKmnOtBQ2MnvpiNOm7E%2BkOMvdPrIKaeg52Tip2Uk%3D"
    },
    "nodejs@latest": {
      "last_modified": "2026-07-08T21:13:06Z",
      "plugin_version": "0.0.4",
      "resolved": "github:NixOS/nixpkgs/389ed85304b281ca7f306cf8a1eb4378651ca44e#nodejs_26",
      "source": "devbox-search",
      "version": "26.5.0",
      "systems": {
        "aarch64-darwin": {
          "outputs": [
            {
              "name": "out",
              "path": "/nix/store/vnacgx48dihv7zhp74y2vw03wm11dmnc-nodejs-26.5.0",
              "default": true
            }
          ],
          "store_path": "/nix/store/vnacgx48dihv7zhp74y2vw03wm11dmnc-nodejs-26.5.0"
        },
        "aarch64-linux": {
          "outputs": [
            {
              "name": "out",
              "path": "/nix/store/rqpalddlzxfswkgk53619pndhkyksy05-nodejs-26.5.0",
              "default": true
            }
          ],
          "store_path": "/nix/store/rqpalddlzxfswkgk53619pndhkyksy05-nodejs-26.5.0"
        },
        "x86_64-linux": {
          "outputs": [
            {
              "name": "out",
              "path": "/nix/store/mm91li4ins9bmz8155drxb3iqx9gd72z-nodejs-26.5.0",
              "default": true
            }
          ],
          "store_path": "/nix/store/mm91li4ins9bmz8155drxb3iqx9gd72z-nodejs-26.5.0"
        }
      }
    },
    "pnpm@latest": {
      "last_modified": "2026-07-17T09:58:13Z",
      "resolved": "github:NixOS/nixpkgs/a47c123a609287a012dfc44d281de2dd4ed13394#pnpm",
      "source": "devbox-search",
      "version": "11.13.1",
      "systems": {
        "aarch64-darwin": {
          "outputs": [
            {
              "name": "out",
              "path": "/nix/store/c4hdlsy544j3p4p70nvhsnq5a3nklkra-pnpm-11.13.1",
              "default": true
            }
          ],
          "store_path": "/nix/store/c4hdlsy544j3p4p70nvhsnq5a3nklkra-pnpm-11.13.1"
        },
        "aarch64-linux": {
          "outputs": [
            {
              "name": "out",
              "path": "/nix/store/85idph2j096v7sjsdhcbqgaj0zq0407x-pnpm-11.13.1",
              "default": true
            }
          ],
          "store_path": "/nix/store/85idph2j096v7sjsdhcbqgaj0zq0407x-pnpm-11.13.1"
        },
        "x86_64-linux": {
          "outputs": [
            {
              "name": "out",
              "path": "/nix/store/s6ghhkvcyddqaq1l23fx9hg90554m9mz-pnpm-11.13.1",
              "default": true
            }
          ],
          "store_path": "/nix/store/s6ghhkvcyddqaq1l23fx9hg90554m9mz-pnpm-11.13.1"
        }
      }
    },
    "python@3.12": {
      "last_modified": "2026-05-21T08:15:18Z",
      "plugin_version": "0.0.5",
      "resolved": "github:NixOS/nixpkgs/4a29d733e8a7d5b824c3d8c958a946a9867b3eb2#python312",
      "source": "devbox-search",
      "version": "3.12.13",
      "systems": {
        "aarch64-darwin": {
          "outputs": [
            {
              "name": "out",
              "path": "/nix/store/p1b85dd3syy1yx8q039m1c6v2x2l4w0a-python3-3.12.13",
              "default": true
            }
          ],
          "store_path": "/nix/store/p1b85dd3syy1yx8q039m1c6v2x2l4w0a-python3-3.12.13"
        },
        "aarch64-linux": {
          "outputs": [
            {
              "name": "out",
              "path": "/nix/store/hvmbr5s05b0kzalrdvk53k1nvms9fws7-python3-3.12.13",
              "default": true
            },
            {
              "name": "debug",
              "path": "/nix/store/59b6ynipns38i2d974mwpvkzgyldhw0y-python3-3.12.13-debug"
            }
          ],
          "store_path": "/nix/store/hvmbr5s05b0kzalrdvk53k1nvms9fws7-python3-3.12.13"
        },
        "x86_64-darwin": {
          "outputs": [
            {
              "name": "out",
              "path": "/nix/store/zsi2pspagafyx1mi64g6mbf2aj2dxmci-python3-3.12.13",
              "default": true
            }
          ],
          "store_path": "/nix/store/zsi2pspagafyx1mi64g6mbf2aj2dxmci-python3-3.12.13"
        },
        "x86_64-linux": {
          "outputs": [
            {
              "name": "out",
              "path": "/nix/store/lpgczl8hqnjlkicsphcylqfgds7dqc13-python3-3.12.13",
              "default": true
            },
            {
              "name": "debug",
              "path": "/nix/store/3vpaljklkxfb4kpzigwci6ls78a2wbw1-python3-3.12.13-debug"
            }
          ],
          "store_path": "/nix/store/lpgczl8hqnjlkicsphcylqfgds7dqc13-python3-3.12.13"
        }
      }
    },
    "terraform@latest": {
      "last_modified": "2026-06-27T07:37:20Z",
      "resolved": "github:NixOS/nixpkgs/3d46470bb3030020f7e1361f33514854f5bfa86d#terraform",
      "source": "devbox-search",
      "version": "1.15.7",
      "systems": {
        "aarch64-darwin": {
          "outputs": [
            {
              "name": "out",
              "path": "/nix/store/b81m7gn8aq04hm1dzm4qb0wnxx3b7b2f-terraform-1.15.7",
              "default": true
            }
          ],
          "store_path": "/nix/store/b81m7gn8aq04hm1dzm4qb0wnxx3b7b2f-terraform-1.15.7"
        },
        "aarch64-linux": {
          "outputs": [
            {
              "name": "out",
              "path": "/nix/store/ybixq1r3k8yjdzxvx45dm1yvfcv1gfxq-terraform-1.15.7",
              "default": true
            }
          ],
          "store_path": "/nix/store/ybixq1r3k8yjdzxvx45dm1yvfcv1gfxq-terraform-1.15.7"
        },
        "x86_64-darwin": {
          "outputs": [
            {
              "name": "out",
              "path": "/nix/store/dhfbiyk7q58pm69cswabznim3adk1rsn-terraform-1.15.7",
              "default": true
            }
          ],
          "store_path": "/nix/store/dhfbiyk7q58pm69cswabznim3adk1rsn-terraform-1.15.7"
        },
        "x86_64-linux": {
          "outputs": [
            {
              "name": "out",
              "path": "/nix/store/lfrqvszgp38kjv07525vbx6s9wzg88i7-terraform-1.15.7",
              "default": true
            }
          ],
          "store_path": "/nix/store/lfrqvszgp38kjv07525vbx6s9wzg88i7-terraform-1.15.7"
        }
      }
    },
    "uv@latest": {
      "last_modified": "2026-06-22T09:00:13Z",
      "resolved": "github:NixOS/nixpkgs/b3c092d3c36d91e2f61f3dfb39a159f180a56659#uv",
      "source": "devbox-search",
      "version": "0.11.22",
      "systems": {
        "aarch64-darwin": {
          "outputs": [
            {
              "name": "out",
              "path": "/nix/store/3i7kd95ypdvg7s74kkbysc2z8yq58ddx-uv-0.11.22",
              "default": true
            }
          ],
          "store_path": "/nix/store/3i7kd95ypdvg7s74kkbysc2z8yq58ddx-uv-0.11.22"
        },
        "aarch64-linux": {
          "outputs": [
            {
              "name": "out",
              "path": "/nix/store/bfxb26ci3imgy0b261yv1089qz8xmd5r-uv-0.11.22",
              "default": true
            }
          ],
          "store_path": "/nix/store/bfxb26ci3imgy0b261yv1089qz8xmd5r-uv-0.11.22"
        },
        "x86_64-darwin": {
          "outputs": [
            {
              "name": "out",
              "path": "/nix/store/qbdcag5iv39sx27h9mac5b9paqwpyw02-uv-0.11.22",
              "default": true
            }
          ],
          "store_path": "/nix/store/qbdcag5iv39sx27h9mac5b9paqwpyw02-uv-0.11.22"
        },
        "x86_64-linux": {
          "outputs": [
            {
              "name": "out",
              "path": "/nix/store/v7w8z60xdlnxlj5kagyczyn6j57xdd8r-uv-0.11.22",
              "default": true
            }
          ],
          "store_path": "/nix/store/v7w8z60xdlnxlj5kagyczyn6j57xdd8r-uv-0.11.22"
        }
      }
    }
  }
}
